
Microsoft Visual Studio Solution File, Format Version 12.00
# Visual Studio Version 16
VisualStudioVersion = 16.0.30204.135
MinimumVisualStudioVersion = 10.0.40219.1
Project("{FAE04EC0-301F-11D3-BF4B-00C04F79EFBC}") = "ClassLibrary1", "ClassLibrary1\ClassLibrary1.csproj", "{C864C540-6345-42F8-B3EA-3FC0B64BC3C9}"
EndProject
Project("{FAE04EC0-301F-11D3-BF4B-00C04F79EFBC}") = "FactoryClassLibrary", "FactoryClassLibrary\FactoryClassLibrary.csproj", "{57C801FA-ED33-4547-9B55-B9D29F0F1902}"
EndProject
Project("{FAE04EC0-301F-11D3-BF4B-00C04F79EFBC}") = "ProductClassLibrary", "ProductClassLibrary\ProductClassLibrary.csproj", "{55771ED6-C330-46ED-ABF1-6ED8F65E4914}"
EndProject
Project("{FAE04EC0-301F-11D3-BF4B-00C04F79EFBC}") = "UIApplication", "UIApplication\UIApplication.csproj", "{E05C7C4F-FFBB-4BE7-BDF5-E677A0DFF0A5}"
EndProject
Project("{FAE04EC0-301F-11D3-BF4B-00C04F79EFBC}") = "ClientLayer", "ClientLayer\ClientLayer.csproj", "{AC2E53DA-7096-4A9E-B66E-213FEE6E92DF}"
EndProject
Global
	GlobalSection(SolutionConfigurationPlatforms) = preSolution
		Debug|Any CPU = Debug|Any CPU
		Release|Any CPU = Release|Any CPU
	EndGlobalSection
	GlobalSection(ProjectConfigurationPlatforms) = postSolution
		{C864C540-6345-42F8-B3EA-3FC0B64BC3C9}.Debug|Any CPU.ActiveCfg = Debug|Any CPU
		{C864C540-6345-42F8-B3EA-3FC0B64BC3C9}.Debug|Any CPU.Build.0 = Debug|Any CPU
		{C864C540-6345-42F8-B3EA-3FC0B64BC3C9}.Release|Any CPU.ActiveCfg = Release|Any CPU
		{C864C540-6345-42F8-B3EA-3FC0B64BC3C9}.Release|Any CPU.Build.0 = Release|Any CPU
		{57C801FA-ED33-4547-9B55-B9D29F0F1902}.Debug|Any CPU.ActiveCfg = Debug|Any CPU
		{57C801FA-ED33-4547-9B55-B9D29F0F1902}.Debug|Any CPU.Build.0 = Debug|Any CPU
		{57C801FA-ED33-4547-9B55-B9D29F0F1902}.Release|Any CPU.ActiveCfg = Release|Any CPU
		{57C801FA-ED33-4547-9B55-B9D29F0F1902}.Release|Any CPU.Build.0 = Release|Any CPU
		{55771ED6-C330-46ED-ABF1-6ED8F65E4914}.Debug|Any CPU.ActiveCfg = Debug|Any CPU
		{55771ED6-C330-46ED-ABF1-6ED8F65E4914}.Debug|Any CPU.Build.0 = Debug|Any CPU
		{55771ED6-C330-46ED-ABF1-6ED8F65E4914}.Release|Any CPU.ActiveCfg = Release|Any CPU
		{55771ED6-C330-46ED-ABF1-6ED8F65E4914}.Release|Any CPU.Build.0 = Release|Any CPU
		{E05C7C4F-FFBB-4BE7-BDF5-E677A0DFF0A5}.Debug|Any CPU.ActiveCfg = Debug|Any CPU
		{E05C7C4F-FFBB-4BE7-BDF5-E677A0DFF0A5}.Debug|Any CPU.Build.0 = Debug|Any CPU
		{E05C7C4F-FFBB-4BE7-BDF5-E677A0DFF0A5}.Release|Any CPU.ActiveCfg = Release|Any CPU
		{E05C7C4F-FFBB-4BE7-BDF5-E677A0DFF0A5}.Release|Any CPU.Build.0 = Release|Any CPU
		{AC2E53DA-7096-4A9E-B66E-213FEE6E92DF}.Debug|Any CPU.ActiveCfg = Debug|Any CPU
		{AC2E53DA-7096-4A9E-B66E-213FEE6E92DF}.Debug|Any CPU.Build.0 = Debug|Any CPU
		{AC2E53DA-7096-4A9E-B66E-213FEE6E92DF}.Release|Any CPU.ActiveCfg = Release|Any CPU
		{AC2E53DA-7096-4A9E-B66E-213FEE6E92DF}.Release|Any CPU.Build.0 = Release|Any CPU
	EndGlobalSection
	GlobalSection(SolutionProperties) = preSolution
		HideSolutionNode = FALSE
	EndGlobalSection
	GlobalSection(ExtensibilityGlobals) = postSolution
		SolutionGuid = {9BE0230D-C81C-4CC7-85E9-D06F0201DBB7}
	EndGlobalSection
EndGlobal
